
Microsoft Visual Studio Solution File, Format Version 12.00
# Visual Studio Version 17
VisualStudioVersion = 17.7.34202.233
MinimumVisualStudioVersion = 10.0.40219.1
Project("{FAE04EC0-301F-11D3-BF4B-00C04F79EFBC}") = "RPSgame", "RPSgame\RPSgame.csproj", "{DE68F92A-EFE4-49A4-93DE-918BA63BFBD9}"
EndProject
Global
	GlobalSection(SolutionConfigurationPlatforms) = preSolution
		Debug|Any CPU = Debug|Any CPU
		Release|Any CPU = Release|Any CPU
	EndGlobalSection
	GlobalSection(ProjectConfigurationPlatforms) = postSolution
		{DE68F92A-EFE4-49A4-93DE-918BA63BFBD9}.Debug|Any CPU.ActiveCfg = Debug|Any CPU
		{DE68F92A-EFE4-49A4-93DE-918BA63BFBD9}.Debug|Any CPU.Build.0 = Debug|Any CPU
		{DE68F92A-EFE4-49A4-93DE-918BA63BFBD9}.Release|Any CPU.ActiveCfg = Release|Any CPU
		{DE68F92A-EFE4-49A4-93DE-918BA63BFBD9}.Release|Any CPU.Build.0 = Release|Any CPU
	EndGlobalSection
	GlobalSection(SolutionProperties) = preSolution
		HideSolutionNode = FALSE
	EndGlobalSection
	GlobalSection(ExtensibilityGlobals) = postSolution
		SolutionGuid = {6C5CCD41-8BF2-4D07-AC94-41C60F548145}
	EndGlobalSection
EndGlobal
